// !$*UTF8*$!
{
	archiveVersion = 1;
	classes = {
	};
	objectVersion = 52;
	objects = {

/* Begin PBXBuildFile section */
		D757433B24CDF84000BDD68B /* AppDelegate.swift in Sources */ = {isa = PBXBuildFile; fileRef = D757433A24CDF84000BDD68B /* AppDelegate.swift */; };
		D757433D24CDF84000BDD68B /* SceneDelegate.swift in Sources */ = {isa = PBXBuildFile; fileRef = D757433C24CDF84000BDD68B /* SceneDelegate.swift */; };
		D757433F24CDF84000BDD68B /* ContentView.swift in Sources */ = {isa = PBXBuildFile; fileRef = D757433E24CDF84000BDD68B /* ContentView.swift */; };
		D757434124CDF84100BDD68B /* Assets.xcassets in Resources */ = {isa = PBXBuildFile; fileRef = D757434024CDF84100BDD68B /* Assets.xcassets */; };
		D757434424CDF84100BDD68B /* Preview Assets.xcassets in Resources */ = {isa = PBXBuildFile; fileRef = D757434324CDF84100BDD68B /* Preview Assets.xcassets */; };
		D757434724CDF84100BDD68B /* LaunchScreen.storyboard in Resources */ = {isa = PBXBuildFile; fileRef = D757434524CDF84100BDD68B /* LaunchScreen.storyboard */; };
		D757435024CDF94400BDD68B /* Menu.swift in Sources */ = {isa = PBXBuildFile; fileRef = D757434E24CDF94400BDD68B /* Menu.swift */; };
		D757435124CDF94400BDD68B /* InfoView.swift in Sources */ = {isa = PBXBuildFile; fileRef = D757434F24CDF94400BDD68B /* InfoView.swift */; };
		D757435424CDF99800BDD68B /* Lottie in Frameworks */ = {isa = PBXBuildFile; productRef = D757435324CDF99800BDD68B /* Lottie */; };
		D757436E24CDF9AE00BDD68B /* NavigationBar+mod.swift in Sources */ = {isa = PBXBuildFile; fileRef = D757435624CDF9AE00BDD68B /* NavigationBar+mod.swift */; };
		D757436F24CDF9AE00BDD68B /* Color+Ex.swift in Sources */ = {isa = PBXBuildFile; fileRef = D757435824CDF9AE00BDD68B /* Color+Ex.swift */; };
		D757437024CDF9AE00BDD68B /* LottieAnimations.swift in Sources */ = {isa = PBXBuildFile; fileRef = D757435924CDF9AE00BDD68B /* LottieAnimations.swift */; };
		D757437124CDF9AE00BDD68B /* LottieView.swift in Sources */ = {isa = PBXBuildFile; fileRef = D757435B24CDF9AE00BDD68B /* LottieView.swift */; };
		D757437224CDF9AE00BDD68B /* slider.json in Resources */ = {isa = PBXBuildFile; fileRef = D757435D24CDF9AE00BDD68B /* slider.json */; };
		D757437324CDF9AE00BDD68B /* coffee.json in Resources */ = {isa = PBXBuildFile; fileRef = D757435E24CDF9AE00BDD68B /* coffee.json */; };
		D757437424CDF9AE00BDD68B /* step3.json in Resources */ = {isa = PBXBuildFile; fileRef = D757435F24CDF9AE00BDD68B /* step3.json */; };
		D757437524CDF9AE00BDD68B /* step2.json in Resources */ = {isa = PBXBuildFile; fileRef = D757436024CDF9AE00BDD68B /* step2.json */; };
		D757437624CDF9AE00BDD68B /* cheese.json in Resources */ = {isa = PBXBuildFile; fileRef = D757436124CDF9AE00BDD68B /* cheese.json */; };
		D757437724CDF9AE00BDD68B /* crazyEgg.json in Resources */ = {isa = PBXBuildFile; fileRef = D757436324CDF9AE00BDD68B /* crazyEgg.json */; };
		D757437824CDF9AE00BDD68B /* sun.json in Resources */ = {isa = PBXBuildFile; fileRef = D757436424CDF9AE00BDD68B /* sun.json */; };
		D757437924CDF9AE00BDD68B /* elephant.json in Resources */ = {isa = PBXBuildFile; fileRef = D757436524CDF9AE00BDD68B /* elephant.json */; };
		D757437A24CDF9AE00BDD68B /* notification.json in Resources */ = {isa = PBXBuildFile; fileRef = D757436624CDF9AE00BDD68B /* notification.json */; };
		D757437B24CDF9AE00BDD68B /* beer.json in Resources */ = {isa = PBXBuildFile; fileRef = D757436724CDF9AE00BDD68B /* beer.json */; };
		D757437C24CDF9AE00BDD68B /* step1.json in Resources */ = {isa = PBXBuildFile; fileRef = D757436824CDF9AE00BDD68B /* step1.json */; };
		D757437D24CDF9AE00BDD68B /* eggMain.json in Resources */ = {isa = PBXBuildFile; fileRef = D757436924CDF9AE00BDD68B /* eggMain.json */; };
		D757437E24CDF9AE00BDD68B /* menu.json in Resources */ = {isa = PBXBuildFile; fileRef = D757436A24CDF9AE00BDD68B /* menu.json */; };
		D757437F24CDF9AE00BDD68B /* menuBlack.json in Resources */ = {isa = PBXBuildFile; fileRef = D757436B24CDF9AE00BDD68B /* menuBlack.json */; };
		D757438024CDF9AE00BDD68B /* sound.json in Resources */ = {isa = PBXBuildFile; fileRef = D757436C24CDF9AE00BDD68B /* sound.json */; };
		D757438124CDF9AE00BDD68B /* bear.json in Resources */ = {isa = PBXBuildFile; fileRef = D757436D24CDF9AE00BDD68B /* bear.json */; };
		D757438324CE1C8200BDD68B /* Int+Ex.swift in Sources */ = {isa = PBXBuildFile; fileRef = D757438224CE1C8200BDD68B /* Int+Ex.swift */; };
		D757438524CE1CBA00BDD68B /* RBButton.swift in Sources */ = {isa = PBXBuildFile; fileRef = D757438424CE1CBA00BDD68B /* RBButton.swift */; };
		D757438724CE1CDE00BDD68B /* RBToggle.swift in Sources */ = {isa = PBXBuildFile; fileRef = D757438624CE1CDE00BDD68B /* RBToggle.swift */; };
		D757438924CE1D0A00BDD68B /* NeuMorph.swift in Sources */ = {isa = PBXBuildFile; fileRef = D757438824CE1D0A00BDD68B /* NeuMorph.swift */; };
/* End PBXBuildFile section */

/* Begin PBXFileReference section */
		D757433724CDF84000BDD68B /* RunnyEgg.app */ = {isa = PBXFileReference; explicitFileType = wrapper.application; includeInIndex = 0; path = RunnyEgg.app; sourceTree = BUILT_PRODUCTS_DIR; };
		D757433A24CDF84000BDD68B /* AppDelegate.swift */ = {isa = PBXFileReference; lastKnownFileType = sourcecode.swift; path = AppDelegate.swift; sourceTree = "<group>"; };
		D757433C24CDF84000BDD68B /* SceneDelegate.swift */ = {isa = PBXFileReference; lastKnownFileType = sourcecode.swift; path = SceneDelegate.swift; sourceTree = "<group>"; };
		D757433E24CDF84000BDD68B /* ContentView.swift */ = {isa = PBXFileReference; lastKnownFileType = sourcecode.swift; path = ContentView.swift; sourceTree = "<group>"; };
		D757434024CDF84100BDD68B /* Assets.xcassets */ = {isa = PBXFileReference; lastKnownFileType = folder.assetcatalog; path = Assets.xcassets; sourceTree = "<group>"; };
		D757434324CDF84100BDD68B /* Preview Assets.xcassets */ = {isa = PBXFileReference; lastKnownFileType = folder.assetcatalog; path = "Preview Assets.xcassets"; sourceTree = "<group>"; };
		D757434624CDF84100BDD68B /* Base */ = {isa = PBXFileReference; lastKnownFileType = file.storyboard; name = Base; path = Base.lproj/LaunchScreen.storyboard; sourceTree = "<group>"; };
		D757434824CDF84100BDD68B /* Info.plist */ = {isa = PBXFileReference; lastKnownFileType = text.plist.xml; path = Info.plist; sourceTree = "<group>"; };
		D757434E24CDF94400BDD68B /* Menu.swift */ = {isa = PBXFileReference; fileEncoding = 4; lastKnownFileType = sourcecode.swift; path = Menu.swift; sourceTree = "<group>"; };
		D757434F24CDF94400BDD68B /* InfoView.swift */ = {isa = PBXFileReference; fileEncoding = 4; lastKnownFileType = sourcecode.swift; path = InfoView.swift; sourceTree = "<group>"; };
		D757435624CDF9AE00BDD68B /* NavigationBar+mod.swift */ = {isa = PBXFileReference; fileEncoding = 4; lastKnownFileType = sourcecode.swift; path = "NavigationBar+mod.swift"; sourceTree = "<group>"; };
		D757435824CDF9AE00BDD68B /* Color+Ex.swift */ = {isa = PBXFileReference; fileEncoding = 4; lastKnownFileType = sourcecode.swift; path = "Color+Ex.swift"; sourceTree = "<group>"; };
		D757435924CDF9AE00BDD68B /* LottieAnimations.swift */ = {isa = PBXFileReference; fileEncoding = 4; lastKnownFileType = sourcecode.swift; path = LottieAnimations.swift; sourceTree = "<group>"; };
		D757435B24CDF9AE00BDD68B /* LottieView.swift */ = {isa = PBXFileReference; fileEncoding = 4; lastKnownFileType = sourcecode.swift; path = LottieView.swift; sourceTree = "<group>"; };
		D757435D24CDF9AE00BDD68B /* slider.json */ = {isa = PBXFileReference; fileEncoding = 4; lastKnownFileType = text.json; path = slider.json; sourceTree = "<group>"; };
		D757435E24CDF9AE00BDD68B /* coffee.json */ = {isa = PBXFileReference; fileEncoding = 4; lastKnownFileType = text.json; path = coffee.json; sourceTree = "<group>"; };
		D757435F24CDF9AE00BDD68B /* step3.json */ = {isa = PBXFileReference; fileEncoding = 4; lastKnownFileType = text.json; path = step3.json; sourceTree = "<group>"; };
		D757436024CDF9AE00BDD68B /* step2.json */ = {isa = PBXFileReference; fileEncoding = 4; lastKnownFileType = text.json; path = step2.json; sourceTree = "<group>"; };
		D757436124CDF9AE00BDD68B /* cheese.json */ = {isa = PBXFileReference; fileEncoding = 4; lastKnownFileType = text.json; path = cheese.json; sourceTree = "<group>"; };
		D757436324CDF9AE00BDD68B /* crazyEgg.json */ = {isa = PBXFileReference; fileEncoding = 4; lastKnownFileType = text.json; path = crazyEgg.json; sourceTree = "<group>"; };
		D757436424CDF9AE00BDD68B /* sun.json */ = {isa = PBXFileReference; fileEncoding = 4; lastKnownFileType = text.json; path = sun.json; sourceTree = "<group>"; };
		D757436524CDF9AE00BDD68B /* elephant.json */ = {isa = PBXFileReference; fileEncoding = 4; lastKnownFileType = text.json; path = elephant.json; sourceTree = "<group>"; };
		D757436624CDF9AE00BDD68B /* notification.json */ = {isa = PBXFileReference; fileEncoding = 4; lastKnownFileType = text.json; path = notification.json; sourceTree = "<group>"; };
		D757436724CDF9AE00BDD68B /* beer.json */ = {isa = PBXFileReference; fileEncoding = 4; lastKnownFileType = text.json; path = beer.json; sourceTree = "<group>"; };
		D757436824CDF9AE00BDD68B /* step1.json */ = {isa = PBXFileReference; fileEncoding = 4; lastKnownFileType = text.json; path = step1.json; sourceTree = "<group>"; };
		D757436924CDF9AE00BDD68B /* eggMain.json */ = {isa = PBXFileReference; fileEncoding = 4; lastKnownFileType = text.json; path = eggMain.json; sourceTree = "<group>"; };
		D757436A24CDF9AE00BDD68B /* menu.json */ = {isa = PBXFileReference; fileEncoding = 4; lastKnownFileType = text.json; path = menu.json; sourceTree = "<group>"; };
		D757436B24CDF9AE00BDD68B /* menuBlack.json */ = {isa = PBXFileReference; fileEncoding = 4; lastKnownFileType = text.json; path = menuBlack.json; sourceTree = "<group>"; };
		D757436C24CDF9AE00BDD68B /* sound.json */ = {isa = PBXFileReference; fileEncoding = 4; lastKnownFileType = text.json; path = sound.json; sourceTree = "<group>"; };
		D757436D24CDF9AE00BDD68B /* bear.json */ = {isa = PBXFileReference; fileEncoding = 4; lastKnownFileType = text.json; path = bear.json; sourceTree = "<group>"; };
		D757438224CE1C8200BDD68B /* Int+Ex.swift */ = {isa = PBXFileReference; lastKnownFileType = sourcecode.swift; path = "Int+Ex.swift"; sourceTree = "<group>"; };
		D757438424CE1CBA00BDD68B /* RBButton.swift */ = {isa = PBXFileReference; lastKnownFileType = sourcecode.swift; path = RBButton.swift; sourceTree = "<group>"; };
		D757438624CE1CDE00BDD68B /* RBToggle.swift */ = {isa = PBXFileReference; lastKnownFileType = sourcecode.swift; path = RBToggle.swift; sourceTree = "<group>"; };
		D757438824CE1D0A00BDD68B /* NeuMorph.swift */ = {isa = PBXFileReference; lastKnownFileType = sourcecode.swift; path = NeuMorph.swift; sourceTree = "<group>"; };
/* End PBXFileReference section */

/* Begin PBXFrameworksBuildPhase section */
		D757433424CDF84000BDD68B /* Frameworks */ = {
			isa = PBXFrameworksBuildPhase;
			buildActionMask = 2147483647;
			files = (
				D757435424CDF99800BDD68B /* Lottie in Frameworks */,
			);
			runOnlyForDeploymentPostprocessing = 0;
		};
/* End PBXFrameworksBuildPhase section */

/* Begin PBXGroup section */
		D757432E24CDF84000BDD68B = {
			isa = PBXGroup;
			children = (
				D757433924CDF84000BDD68B /* RunnyEgg */,
				D757433824CDF84000BDD68B /* Products */,
			);
			sourceTree = "<group>";
		};
		D757433824CDF84000BDD68B /* Products */ = {
			isa = PBXGroup;
			children = (
				D757433724CDF84000BDD68B /* RunnyEgg.app */,
			);
			name = Products;
			sourceTree = "<group>";
		};
		D757433924CDF84000BDD68B /* RunnyEgg */ = {
			isa = PBXGroup;
			children = (
				D757433A24CDF84000BDD68B /* AppDelegate.swift */,
				D757433C24CDF84000BDD68B /* SceneDelegate.swift */,
				D757433E24CDF84000BDD68B /* ContentView.swift */,
				D757434F24CDF94400BDD68B /* InfoView.swift */,
				D757434E24CDF94400BDD68B /* Menu.swift */,
				D757434024CDF84100BDD68B /* Assets.xcassets */,
				D757434524CDF84100BDD68B /* LaunchScreen.storyboard */,
				D757434824CDF84100BDD68B /* Info.plist */,
				D757435C24CDF9AE00BDD68B /* Animations */,
				D757435A24CDF9AE00BDD68B /* CustomObjects */,
				D757435724CDF9AE00BDD68B /* Extensions */,
				D757435524CDF9AE00BDD68B /* Modifiers */,
				D757434224CDF84100BDD68B /* Preview Content */,
			);
			path = RunnyEgg;
			sourceTree = "<group>";
		};
		D757434224CDF84100BDD68B /* Preview Content */ = {
			isa = PBXGroup;
			children = (
				D757434324CDF84100BDD68B /* Preview Assets.xcassets */,
			);
			path = "Preview Content";
			sourceTree = "<group>";
		};
		D757435524CDF9AE00BDD68B /* Modifiers */ = {
			isa = PBXGroup;
			children = (
				D757435624CDF9AE00BDD68B /* NavigationBar+mod.swift */,
			);
			path = Modifiers;
			sourceTree = "<group>";
		};
		D757435724CDF9AE00BDD68B /* Extensions */ = {
			isa = PBXGroup;
			children = (
				D757435824CDF9AE00BDD68B /* Color+Ex.swift */,
				D757435924CDF9AE00BDD68B /* LottieAnimations.swift */,
				D757438224CE1C8200BDD68B /* Int+Ex.swift */,
			);
			path = Extensions;
			sourceTree = "<group>";
		};
		D757435A24CDF9AE00BDD68B /* CustomObjects */ = {
			isa = PBXGroup;
			children = (
				D757435B24CDF9AE00BDD68B /* LottieView.swift */,
				D757438424CE1CBA00BDD68B /* RBButton.swift */,
				D757438624CE1CDE00BDD68B /* RBToggle.swift */,
				D757438824CE1D0A00BDD68B /* NeuMorph.swift */,
			);
			path = CustomObjects;
			sourceTree = "<group>";
		};
		D757435C24CDF9AE00BDD68B /* Animations */ = {
			isa = PBXGroup;
			children = (
				D757435D24CDF9AE00BDD68B /* slider.json */,
				D757435E24CDF9AE00BDD68B /* coffee.json */,
				D757435F24CDF9AE00BDD68B /* step3.json */,
				D757436024CDF9AE00BDD68B /* step2.json */,
				D757436124CDF9AE00BDD68B /* cheese.json */,
				D757436224CDF9AE00BDD68B /* SuccessAnimations */,
				D757436824CDF9AE00BDD68B /* step1.json */,
				D757436924CDF9AE00BDD68B /* eggMain.json */,
				D757436A24CDF9AE00BDD68B /* menu.json */,
				D757436B24CDF9AE00BDD68B /* menuBlack.json */,
				D757436C24CDF9AE00BDD68B /* sound.json */,
				D757436D24CDF9AE00BDD68B /* bear.json */,
			);
			path = Animations;
			sourceTree = "<group>";
		};
		D757436224CDF9AE00BDD68B /* SuccessAnimations */ = {
			isa = PBXGroup;
			children = (
				D757436324CDF9AE00BDD68B /* crazyEgg.json */,
				D757436424CDF9AE00BDD68B /* sun.json */,
				D757436524CDF9AE00BDD68B /* elephant.json */,
				D757436624CDF9AE00BDD68B /* notification.json */,
				D757436724CDF9AE00BDD68B /* beer.json */,
			);
			path = SuccessAnimations;
			sourceTree = "<group>";
		};
/* End PBXGroup section */

/* Begin PBXNativeTarget section */
		D757433624CDF84000BDD68B /* RunnyEgg */ = {
			isa = PBXNativeTarget;
			buildConfigurationList = D757434B24CDF84100BDD68B /* Build configuration list for PBXNativeTarget "RunnyEgg" */;
			buildPhases = (
				D757433324CDF84000BDD68B /* Sources */,
				D757433424CDF84000BDD68B /* Frameworks */,
				D757433524CDF84000BDD68B /* Resources */,
			);
			buildRules = (
			);
			dependencies = (
			);
			name = RunnyEgg;
			packageProductDependencies = (
				D757435324CDF99800BDD68B /* Lottie */,
			);
			productName = RunnyEgg;
			productReference = D757433724CDF84000BDD68B /* RunnyEgg.app */;
			productType = "com.apple.product-type.application";
		};
/* End PBXNativeTarget section */

/* Begin PBXProject section */
		D757432F24CDF84000BDD68B /* Project object */ = {
			isa = PBXProject;
			attributes = {
				LastSwiftUpdateCheck = 1200;
				LastUpgradeCheck = 1200;
				TargetAttributes = {
					D757433624CDF84000BDD68B = {
						CreatedOnToolsVersion = 12.0;
					};
				};
			};
			buildConfigurationList = D757433224CDF84000BDD68B /* Build configuration list for PBXProject "RunnyEgg" */;
			compatibilityVersion = "Xcode 9.3";
			developmentRegion = en;
			hasScannedForEncodings = 0;
			knownRegions = (
				en,
				Base,
			);
			mainGroup = D757432E24CDF84000BDD68B;
			packageReferences = (
				D757435224CDF99800BDD68B /* XCRemoteSwiftPackageReference "lottie-ios" */,
			);
			productRefGroup = D757433824CDF84000BDD68B /* Products */;
			projectDirPath = "";
			projectRoot = "";
			targets = (
				D757433624CDF84000BDD68B /* RunnyEgg */,
			);
		};
/* End PBXProject section */

/* Begin PBXResourcesBuildPhase section */
		D757433524CDF84000BDD68B /* Resources */ = {
			isa = PBXResourcesBuildPhase;
			buildActionMask = 2147483647;
			files = (
				D757437624CDF9AE00BDD68B /* cheese.json in Resources */,
				D757434724CDF84100BDD68B /* LaunchScreen.storyboard in Resources */,
				D757437924CDF9AE00BDD68B /* elephant.json in Resources */,
				D757438024CDF9AE00BDD68B /* sound.json in Resources */,
				D757437D24CDF9AE00BDD68B /* eggMain.json in Resources */,
				D757434424CDF84100BDD68B /* Preview Assets.xcassets in Resources */,
				D757437A24CDF9AE00BDD68B /* notification.json in Resources */,
				D757437E24CDF9AE00BDD68B /* menu.json in Resources */,
				D757437224CDF9AE00BDD68B /* slider.json in Resources */,
				D757434124CDF84100BDD68B /* Assets.xcassets in Resources */,
				D757437524CDF9AE00BDD68B /* step2.json in Resources */,
				D757438124CDF9AE00BDD68B /* bear.json in Resources */,
				D757437724CDF9AE00BDD68B /* crazyEgg.json in Resources */,
				D757437C24CDF9AE00BDD68B /* step1.json in Resources */,
				D757437324CDF9AE00BDD68B /* coffee.json in Resources */,
				D757437F24CDF9AE00BDD68B /* menuBlack.json in Resources */,
				D757437824CDF9AE00BDD68B /* sun.json in Resources */,
				D757437424CDF9AE00BDD68B /* step3.json in Resources */,
				D757437B24CDF9AE00BDD68B /* beer.json in Resources */,
			);
			runOnlyForDeploymentPostprocessing = 0;
		};
/* End PBXResourcesBuildPhase section */

/* Begin PBXSourcesBuildPhase section */
		D757433324CDF84000BDD68B /* Sources */ = {
			isa = PBXSourcesBuildPhase;
			buildActionMask = 2147483647;
			files = (
				D757438924CE1D0A00BDD68B /* NeuMorph.swift in Sources */,
				D757438524CE1CBA00BDD68B /* RBButton.swift in Sources */,
				D757438324CE1C8200BDD68B /* Int+Ex.swift in Sources */,
				D757433B24CDF84000BDD68B /* AppDelegate.swift in Sources */,
				D757438724CE1CDE00BDD68B /* RBToggle.swift in Sources */,
				D757433D24CDF84000BDD68B /* SceneDelegate.swift in Sources */,
				D757437124CDF9AE00BDD68B /* LottieView.swift in Sources */,
				D757435024CDF94400BDD68B /* Menu.swift in Sources */,
				D757436F24CDF9AE00BDD68B /* Color+Ex.swift in Sources */,
				D757435124CDF94400BDD68B /* InfoView.swift in Sources */,
				D757437024CDF9AE00BDD68B /* LottieAnimations.swift in Sources */,
				D757436E24CDF9AE00BDD68B /* NavigationBar+mod.swift in Sources */,
				D757433F24CDF84000BDD68B /* ContentView.swift in Sources */,
			);
			runOnlyForDeploymentPostprocessing = 0;
		};
/* End PBXSourcesBuildPhase section */

/* Begin PBXVariantGroup section */
		D757434524CDF84100BDD68B /* LaunchScreen.storyboard */ = {
			isa = PBXVariantGroup;
			children = (
				D757434624CDF84100BDD68B /* Base */,
			);
			name = LaunchScreen.storyboard;
			sourceTree = "<group>";
		};
/* End PBXVariantGroup section */

/* Begin XCBuildConfiguration section */
		D757434924CDF84100BDD68B /* Debug */ = {
			isa = XCBuildConfiguration;
			buildSettings = {
				ALWAYS_SEARCH_USER_PATHS = NO;
				CLANG_ANALYZER_NONNULL = YES;
				CLANG_ANALYZER_NUMBER_OBJECT_CONVERSION = YES_AGGRESSIVE;
				CLANG_CXX_LANGUAGE_STANDARD = "gnu++14";
				CLANG_CXX_LIBRARY = "libc++";
				CLANG_ENABLE_MODULES = YES;
				CLANG_ENABLE_OBJC_ARC = YES;
				CLANG_ENABLE_OBJC_WEAK = YES;
				CLANG_WARN_BLOCK_CAPTURE_AUTORELEASING = YES;
				CLANG_WARN_BOOL_CONVERSION = YES;
				CLANG_WARN_COMMA = YES;
				CLANG_WARN_CONSTANT_CONVERSION = YES;
				CLANG_WARN_DEPRECATED_OBJC_IMPLEMENTATIONS = YES;
				CLANG_WARN_DIRECT_OBJC_ISA_USAGE = YES_ERROR;
				CLANG_WARN_DOCUMENTATION_COMMENTS = YES;
				CLANG_WARN_EMPTY_BODY = YES;
				CLANG_WARN_ENUM_CONVERSION = YES;
				CLANG_WARN_INFINITE_RECURSION = YES;
				CLANG_WARN_INT_CONVERSION = YES;
				CLANG_WARN_NON_LITERAL_NULL_CONVERSION = YES;
				CLANG_WARN_OBJC_IMPLICIT_RETAIN_SELF = YES;
				CLANG_WARN_OBJC_LITERAL_CONVERSION = YES;
				CLANG_WARN_OBJC_ROOT_CLASS = YES_ERROR;
				CLANG_WARN_QUOTED_INCLUDE_IN_FRAMEWORK_HEADER = YES;
				CLANG_WARN_RANGE_LOOP_ANALYSIS = YES;
				CLANG_WARN_STRICT_PROTOTYPES = YES;
				CLANG_WARN_SUSPICIOUS_MOVE = YES;
				CLANG_WARN_UNGUARDED_AVAILABILITY = YES_AGGRESSIVE;
				CLANG_WARN_UNREACHABLE_CODE = YES;
				CLANG_WARN__DUPLICATE_METHOD_MATCH = YES;
				COPY_PHASE_STRIP = NO;
				DEBUG_INFORMATION_FORMAT = dwarf;
				ENABLE_STRICT_OBJC_MSGSEND = YES;
				ENABLE_TESTABILITY = YES;
				GCC_C_LANGUAGE_STANDARD = gnu11;
				GCC_DYNAMIC_NO_PIC = NO;
				GCC_NO_COMMON_BLOCKS = YES;
				GCC_OPTIMIZATION_LEVEL = 0;
				GCC_PREPROCESSOR_DEFINITIONS = (
					"DEBUG=1",
					"$(inherited)",
				);
				GCC_WARN_64_TO_32_BIT_CONVERSION = YES;
				GCC_WARN_ABOUT_RETURN_TYPE = YES_ERROR;
				GCC_WARN_UNDECLARED_SELECTOR = YES;
				GCC_WARN_UNINITIALIZED_AUTOS = YES_AGGRESSIVE;
				GCC_WARN_UNUSED_FUNCTION = YES;
				GCC_WARN_UNUSED_VARIABLE = YES;
				IPHONEOS_DEPLOYMENT_TARGET = 14.0;
				MTL_ENABLE_DEBUG_INFO = INCLUDE_SOURCE;
				MTL_FAST_MATH = YES;
				ONLY_ACTIVE_ARCH = YES;
				SDKROOT = iphoneos;
				SWIFT_ACTIVE_COMPILATION_CONDITIONS = DEBUG;
				SWIFT_OPTIMIZATION_LEVEL = "-Onone";
			};
			name = Debug;
		};
		D757434A24CDF84100BDD68B /* Release */ = {
			isa = XCBuildConfiguration;
			buildSettings = {
				ALWAYS_SEARCH_USER_PATHS = NO;
				CLANG_ANALYZER_NONNULL = YES;
				CLANG_ANALYZER_NUMBER_OBJECT_CONVERSION = YES_AGGRESSIVE;
				CLANG_CXX_LANGUAGE_STANDARD = "gnu++14";
				CLANG_CXX_LIBRARY = "libc++";
				CLANG_ENABLE_MODULES = YES;
				CLANG_ENABLE_OBJC_ARC = YES;
				CLANG_ENABLE_OBJC_WEAK = YES;
				CLANG_WARN_BLOCK_CAPTURE_AUTORELEASING = YES;
				CLANG_WARN_BOOL_CONVERSION = YES;
				CLANG_WARN_COMMA = YES;
				CLANG_WARN_CONSTANT_CONVERSION = YES;
				CLANG_WARN_DEPRECATED_OBJC_IMPLEMENTATIONS = YES;
				CLANG_WARN_DIRECT_OBJC_ISA_USAGE = YES_ERROR;
				CLANG_WARN_DOCUMENTATION_COMMENTS = YES;
				CLANG_WARN_EMPTY_BODY = YES;
				CLANG_WARN_ENUM_CONVERSION = YES;
				CLANG_WARN_INFINITE_RECURSION = YES;
				CLANG_WARN_INT_CONVERSION = YES;
				CLANG_WARN_NON_LITERAL_NULL_CONVERSION = YES;
				CLANG_WARN_OBJC_IMPLICIT_RETAIN_SELF = YES;
				CLANG_WARN_OBJC_LITERAL_CONVERSION = YES;
				CLANG_WARN_OBJC_ROOT_CLASS = YES_ERROR;
				CLANG_WARN_QUOTED_INCLUDE_IN_FRAMEWORK_HEADER = YES;
				CLANG_WARN_RANGE_LOOP_ANALYSIS = YES;
				CLANG_WARN_STRICT_PROTOTYPES = YES;
				CLANG_WARN_SUSPICIOUS_MOVE = YES;
				CLANG_WARN_UNGUARDED_AVAILABILITY = YES_AGGRESSIVE;
				CLANG_WARN_UNREACHABLE_CODE = YES;
				CLANG_WARN__DUPLICATE_METHOD_MATCH = YES;
				COPY_PHASE_STRIP = NO;
				DEBUG_INFORMATION_FORMAT = "dwarf-with-dsym";
				ENABLE_NS_ASSERTIONS = NO;
				ENABLE_STRICT_OBJC_MSGSEND = YES;
				GCC_C_LANGUAGE_STANDARD = gnu11;
				GCC_NO_COMMON_BLOCKS = YES;
				GCC_WARN_64_TO_32_BIT_CONVERSION = YES;
				GCC_WARN_ABOUT_RETURN_TYPE = YES_ERROR;
				GCC_WARN_UNDECLARED_SELECTOR = YES;
				GCC_WARN_UNINITIALIZED_AUTOS = YES_AGGRESSIVE;
				GCC_WARN_UNUSED_FUNCTION = YES;
				GCC_WARN_UNUSED_VARIABLE = YES;
				IPHONEOS_DEPLOYMENT_TARGET = 14.0;
				MTL_ENABLE_DEBUG_INFO = NO;
				MTL_FAST_MATH = YES;
				SDKROOT = iphoneos;
				SWIFT_COMPILATION_MODE = wholemodule;
				SWIFT_OPTIMIZATION_LEVEL = "-O";
				VALIDATE_PRODUCT = YES;
			};
			name = Release;
		};
		D757434C24CDF84100BDD68B /* Debug */ = {
			isa = XCBuildConfiguration;
			buildSettings = {
				ASSETCATALOG_COMPILER_APPICON_NAME = AppIcon;
				ASSETCATALOG_COMPILER_GLOBAL_ACCENT_COLOR_NAME = AccentColor;
				CODE_SIGN_STYLE = Automatic;
				CURRENT_PROJECT_VERSION = 10;
				DEVELOPMENT_ASSET_PATHS = "\"RunnyEgg/Preview Content\"";
				DEVELOPMENT_TEAM = ZQCK5WLKEQ;
				ENABLE_PREVIEWS = YES;
				INFOPLIST_FILE = RunnyEgg/Info.plist;
				IPHONEOS_DEPLOYMENT_TARGET = 13.0;
				LD_RUNPATH_SEARCH_PATHS = (
					"$(inherited)",
					"@executable_path/Frameworks",
				);
				MARKETING_VERSION = 1.2;
				PRODUCT_BUNDLE_IDENTIFIER = com.roblack.EggTimer;
				PRODUCT_NAME = "$(TARGET_NAME)";
				SWIFT_VERSION = 5.0;
				TARGETED_DEVICE_FAMILY = "1,2";
			};
			name = Debug;
		};
		D757434D24CDF84100BDD68B /* Release */ = {
			isa = XCBuildConfiguration;
			buildSettings = {
				ASSETCATALOG_COMPILER_APPICON_NAME = AppIcon;
				ASSETCATALOG_COMPILER_GLOBAL_ACCENT_COLOR_NAME = AccentColor;
				CODE_SIGN_STYLE = Automatic;
				CURRENT_PROJECT_VERSION = 10;
				DEVELOPMENT_ASSET_PATHS = "\"RunnyEgg/Preview Content\"";
				DEVELOPMENT_TEAM = ZQCK5WLKEQ;
				ENABLE_PREVIEWS = YES;
				INFOPLIST_FILE = RunnyEgg/Info.plist;
				IPHONEOS_DEPLOYMENT_TARGET = 13.0;
				LD_RUNPATH_SEARCH_PATHS = (
					"$(inherited)",
					"@executable_path/Frameworks",
				);
				MARKETING_VERSION = 1.2;
				PRODUCT_BUNDLE_IDENTIFIER = com.roblack.EggTimer;
				PRODUCT_NAME = "$(TARGET_NAME)";
				SWIFT_VERSION = 5.0;
				TARGETED_DEVICE_FAMILY = "1,2";
			};
			name = Release;
		};
/* End XCBuildConfiguration section */

/* Begin XCConfigurationList section */
		D757433224CDF84000BDD68B /* Build configuration list for PBXProject "RunnyEgg" */ = {
			isa = XCConfigurationList;
			buildConfigurations = (
				D757434924CDF84100BDD68B /* Debug */,
				D757434A24CDF84100BDD68B /* Release */,
			);
			defaultConfigurationIsVisible = 0;
			defaultConfigurationName = Release;
		};
		D757434B24CDF84100BDD68B /* Build configuration list for PBXNativeTarget "RunnyEgg" */ = {
			isa = XCConfigurationList;
			buildConfigurations = (
				D757434C24CDF84100BDD68B /* Debug */,
				D757434D24CDF84100BDD68B /* Release */,
			);
			defaultConfigurationIsVisible = 0;
			defaultConfigurationName = Release;
		};
/* End XCConfigurationList section */

/* Begin XCRemoteSwiftPackageReference section */
		D757435224CDF99800BDD68B /* XCRemoteSwiftPackageReference "lottie-ios" */ = {
			isa = XCRemoteSwiftPackageReference;
			repositoryURL = "https://github.com/airbnb/lottie-ios";
			requirement = {
				kind = upToNextMajorVersion;
				minimumVersion = 3.1.8;
			};
		};
/* End XCRemoteSwiftPackageReference section */

/* Begin XCSwiftPackageProductDependency section */
		D757435324CDF99800BDD68B /* Lottie */ = {
			isa = XCSwiftPackageProductDependency;
			package = D757435224CDF99800BDD68B /* XCRemoteSwiftPackageReference "lottie-ios" */;
			productName = Lottie;
		};
/* End XCSwiftPackageProductDependency section */
	};
	rootObject = D757432F24CDF84000BDD68B /* Project object */;
}
